
Microsoft Visual Studio Solution File, Format Version 12.00
# Visual Studio Version 16
VisualStudioVersion = 16.0.30413.136
MinimumVisualStudioVersion = 10.0.40219.1
Project("{9A19103F-16F7-4668-BE54-9A1E7A4F7556}") = "Blazorapp.Server", "Server\Blazorapp.Server.csproj", "{FE3B49BC-8710-49CD-8CA2-F6CA261077E4}"
EndProject
Project("{9A19103F-16F7-4668-BE54-9A1E7A4F7556}") = "Blazorapp.Client", "Client\Blazorapp.Client.csproj", "{005A623E-9779-4C75-90FC-15BD320BFAEA}"
EndProject
Project("{9A19103F-16F7-4668-BE54-9A1E7A4F7556}") = "Blazorapp.Shared", "Shared\Blazorapp.Shared.csproj", "{4703758C-AF8D-4056-B5CD-195EAA0830A1}"
EndProject
Global
	GlobalSection(SolutionConfigurationPlatforms) = preSolution
		Debug|Any CPU = Debug|Any CPU
		Release|Any CPU = Release|Any CPU
	EndGlobalSection
	GlobalSection(ProjectConfigurationPlatforms) = postSolution
		{FE3B49BC-8710-49CD-8CA2-F6CA261077E4}.Debug|Any CPU.ActiveCfg = Debug|Any CPU
		{FE3B49BC-8710-49CD-8CA2-F6CA261077E4}.Debug|Any CPU.Build.0 = Debug|Any CPU
		{FE3B49BC-8710-49CD-8CA2-F6CA261077E4}.Release|Any CPU.ActiveCfg = Release|Any CPU
		{FE3B49BC-8710-49CD-8CA2-F6CA261077E4}.Release|Any CPU.Build.0 = Release|Any CPU
		{005A623E-9779-4C75-90FC-15BD320BFAEA}.Debug|Any CPU.ActiveCfg = Debug|Any CPU
		{005A623E-9779-4C75-90FC-15BD320BFAEA}.Debug|Any CPU.Build.0 = Debug|Any CPU
		{005A623E-9779-4C75-90FC-15BD320BFAEA}.Release|Any CPU.ActiveCfg = Release|Any CPU
		{005A623E-9779-4C75-90FC-15BD320BFAEA}.Release|Any CPU.Build.0 = Release|Any CPU
		{4703758C-AF8D-4056-B5CD-195EAA0830A1}.Debug|Any CPU.ActiveCfg = Debug|Any CPU
		{4703758C-AF8D-4056-B5CD-195EAA0830A1}.Debug|Any CPU.Build.0 = Debug|Any CPU
		{4703758C-AF8D-4056-B5CD-195EAA0830A1}.Release|Any CPU.ActiveCfg = Release|Any CPU
		{4703758C-AF8D-4056-B5CD-195EAA0830A1}.Release|Any CPU.Build.0 = Release|Any CPU
	EndGlobalSection
	GlobalSection(SolutionProperties) = preSolution
		HideSolutionNode = FALSE
	EndGlobalSection
	GlobalSection(ExtensibilityGlobals) = postSolution
		SolutionGuid = {097CBCAC-5DBB-4CCF-86D0-7037301706D0}
	EndGlobalSection
EndGlobal
